
Microsoft Visual Studio Solution File, Format Version 12.00
# Visual Studio Version 17
VisualStudioVersion = 17.11.35005.142
MinimumVisualStudioVersion = 10.0.40219.1
Project("{FAE04EC0-301F-11D3-BF4B-00C04F79EFBC}") = "BTtrenlop", "BTtrenlop\BTtrenlop.csproj", "{9CB7F6EF-D523-42DC-9DF2-BD0172D53E0D}"
EndProject
Global
	GlobalSection(SolutionConfigurationPlatforms) = preSolution
		Debug|Any CPU = Debug|Any CPU
		Release|Any CPU = Release|Any CPU
	EndGlobalSection
	GlobalSection(ProjectConfigurationPlatforms) = postSolution
		{9CB7F6EF-D523-42DC-9DF2-BD0172D53E0D}.Debug|Any CPU.ActiveCfg = Debug|Any CPU
		{9CB7F6EF-D523-42DC-9DF2-BD0172D53E0D}.Debug|Any CPU.Build.0 = Debug|Any CPU
		{9CB7F6EF-D523-42DC-9DF2-BD0172D53E0D}.Release|Any CPU.ActiveCfg = Release|Any CPU
		{9CB7F6EF-D523-42DC-9DF2-BD0172D53E0D}.Release|Any CPU.Build.0 = Release|Any CPU
	EndGlobalSection
	GlobalSection(SolutionProperties) = preSolution
		HideSolutionNode = FALSE
	EndGlobalSection
	GlobalSection(ExtensibilityGlobals) = postSolution
		SolutionGuid = {BF3F2B9E-7561-4168-93C6-70C8B6A5E1F5}
	EndGlobalSection
EndGlobal
